
Microsoft Visual Studio Solution File, Format Version 12.00
Project("{FAE04EC0-301F-11D3-BF4B-00C04F79EFBC}") = "ArrayList", "ArrayList\ArrayList.csproj", "{6FCDD280-2723-4EB9-AFB7-461FAB2D6985}"
EndProject
Global
	GlobalSection(SolutionConfigurationPlatforms) = preSolution
		Debug|Any CPU = Debug|Any CPU
		Release|Any CPU = Release|Any CPU
	EndGlobalSection
	GlobalSection(ProjectConfigurationPlatforms) = postSolution
		{6FCDD280-2723-4EB9-AFB7-461FAB2D6985}.Debug|Any CPU.ActiveCfg = Debug|Any CPU
		{6FCDD280-2723-4EB9-AFB7-461FAB2D6985}.Debug|Any CPU.Build.0 = Debug|Any CPU
		{6FCDD280-2723-4EB9-AFB7-461FAB2D6985}.Release|Any CPU.ActiveCfg = Release|Any CPU
		{6FCDD280-2723-4EB9-AFB7-461FAB2D6985}.Release|Any CPU.Build.0 = Release|Any CPU
	EndGlobalSection
EndGlobal
